
Microsoft Visual Studio Solution File, Format Version 12.00
# Visual Studio 15
VisualStudioVersion = 15.0.27705.2000
MinimumVisualStudioVersion = 10.0.40219.1
Project("{FAE04EC0-301F-11D3-BF4B-00C04F79EFBC}") = "TCPSwitchConfig", "TCPSwitchConfig\TCPSwitchConfig.csproj", "{15ACC1EF-3F78-4C9E-9D95-347CAEB0558A}"
EndProject
Global
	GlobalSection(SolutionConfigurationPlatforms) = preSolution
		Debug|Any CPU = Debug|Any CPU
		Release|Any CPU = Release|Any CPU
	EndGlobalSection
	GlobalSection(ProjectConfigurationPlatforms) = postSolution
		{15ACC1EF-3F78-4C9E-9D95-347CAEB0558A}.Debug|Any CPU.ActiveCfg = Debug|Any CPU
		{15ACC1EF-3F78-4C9E-9D95-347CAEB0558A}.Debug|Any CPU.Build.0 = Debug|Any CPU
		{15ACC1EF-3F78-4C9E-9D95-347CAEB0558A}.Release|Any CPU.ActiveCfg = Release|Any CPU
		{15ACC1EF-3F78-4C9E-9D95-347CAEB0558A}.Release|Any CPU.Build.0 = Release|Any CPU
	EndGlobalSection
	GlobalSection(SolutionProperties) = preSolution
		HideSolutionNode = FALSE
	EndGlobalSection
	GlobalSection(ExtensibilityGlobals) = postSolution
		SolutionGuid = {97767A0B-4144-4DA2-A128-0188FD3310F9}
	EndGlobalSection
EndGlobal
